
Microsoft Visual Studio Solution File, Format Version 12.00
# Visual Studio Version 17
VisualStudioVersion = 17.5.33530.505
MinimumVisualStudioVersion = 10.0.40219.1
Project("{FAE04EC0-301F-11D3-BF4B-00C04F79EFBC}") = "AIS_LAB6", "AIS_LAB6\AIS_LAB6.csproj", "{E81747E7-5ED4-489D-8C64-0C7F029767FF}"
EndProject
Project("{FAE04EC0-301F-11D3-BF4B-00C04F79EFBC}") = "AIS_LAB6_LIB", "AIS_LAB6_LIB\AIS_LAB6_LIB.csproj", "{D2F229F7-7552-44A4-A1D0-6A969124CE33}"
EndProject
Global
	GlobalSection(SolutionConfigurationPlatforms) = preSolution
		Debug|Any CPU = Debug|Any CPU
		Release|Any CPU = Release|Any CPU
	EndGlobalSection
	GlobalSection(ProjectConfigurationPlatforms) = postSolution
		{E81747E7-5ED4-489D-8C64-0C7F029767FF}.Debug|Any CPU.ActiveCfg = Debug|Any CPU
		{E81747E7-5ED4-489D-8C64-0C7F029767FF}.Debug|Any CPU.Build.0 = Debug|Any CPU
		{E81747E7-5ED4-489D-8C64-0C7F029767FF}.Release|Any CPU.ActiveCfg = Release|Any CPU
		{E81747E7-5ED4-489D-8C64-0C7F029767FF}.Release|Any CPU.Build.0 = Release|Any CPU
		{D2F229F7-7552-44A4-A1D0-6A969124CE33}.Debug|Any CPU.ActiveCfg = Debug|Any CPU
		{D2F229F7-7552-44A4-A1D0-6A969124CE33}.Debug|Any CPU.Build.0 = Debug|Any CPU
		{D2F229F7-7552-44A4-A1D0-6A969124CE33}.Release|Any CPU.ActiveCfg = Release|Any CPU
		{D2F229F7-7552-44A4-A1D0-6A969124CE33}.Release|Any CPU.Build.0 = Release|Any CPU
	EndGlobalSection
	GlobalSection(SolutionProperties) = preSolution
		HideSolutionNode = FALSE
	EndGlobalSection
	GlobalSection(ExtensibilityGlobals) = postSolution
		SolutionGuid = {FC2AD2C9-ED5C-4EAD-A0B5-F2B35C1A1462}
	EndGlobalSection
EndGlobal
